
Microsoft Visual Studio Solution File, Format Version 12.00
# Visual Studio 15
VisualStudioVersion = 15.0.28307.645
MinimumVisualStudioVersion = 10.0.40219.1
Project("{FAE04EC0-301F-11D3-BF4B-00C04F79EFBC}") = "ELMA.BirthdayTerminal.Android", "ELMA.BirthdayTerminal\ELMA.BirthdayTerminal.Android\ELMA.BirthdayTerminal.Android.csproj", "{CD8D560D-8656-4C75-B10F-901E0BADA13B}"
EndProject
Project("{FAE04EC0-301F-11D3-BF4B-00C04F79EFBC}") = "ELMA.BirthdayTerminal", "ELMA.BirthdayTerminal\ELMA.BirthdayTerminal\ELMA.BirthdayTerminal.csproj", "{B5B7C27E-609A-4DC7-B421-29092FFA15B7}"
EndProject
Global
	GlobalSection(SolutionConfigurationPlatforms) = preSolution
		Debug|Any CPU = Debug|Any CPU
		Release|Any CPU = Release|Any CPU
	EndGlobalSection
	GlobalSection(ProjectConfigurationPlatforms) = postSolution
		{CD8D560D-8656-4C75-B10F-901E0BADA13B}.Debug|Any CPU.ActiveCfg = Debug|Any CPU
		{CD8D560D-8656-4C75-B10F-901E0BADA13B}.Debug|Any CPU.Build.0 = Debug|Any CPU
		{CD8D560D-8656-4C75-B10F-901E0BADA13B}.Debug|Any CPU.Deploy.0 = Debug|Any CPU
		{CD8D560D-8656-4C75-B10F-901E0BADA13B}.Release|Any CPU.ActiveCfg = Release|Any CPU
		{CD8D560D-8656-4C75-B10F-901E0BADA13B}.Release|Any CPU.Build.0 = Release|Any CPU
		{CD8D560D-8656-4C75-B10F-901E0BADA13B}.Release|Any CPU.Deploy.0 = Release|Any CPU
		{B5B7C27E-609A-4DC7-B421-29092FFA15B7}.Debug|Any CPU.ActiveCfg = Debug|Any CPU
		{B5B7C27E-609A-4DC7-B421-29092FFA15B7}.Debug|Any CPU.Build.0 = Debug|Any CPU
		{B5B7C27E-609A-4DC7-B421-29092FFA15B7}.Release|Any CPU.ActiveCfg = Release|Any CPU
		{B5B7C27E-609A-4DC7-B421-29092FFA15B7}.Release|Any CPU.Build.0 = Release|Any CPU
	EndGlobalSection
	GlobalSection(SolutionProperties) = preSolution
		HideSolutionNode = FALSE
	EndGlobalSection
	GlobalSection(ExtensibilityGlobals) = postSolution
		SolutionGuid = {E23A3E79-83EB-42BB-AF3A-080AFF7AD25C}
	EndGlobalSection
EndGlobal
